{
  "name": "Wheel_Of_Fortune",
  "lockfileVersion": 2,
  "requires": true,
  "packages": {
    "": {
      "dependencies": {
        "scikit-learn": "^0.1.0"
      }
    },
    "node_modules/jsonparse": {
      "version": "0.0.5",
      "resolved": "https://registry.npmjs.org/jsonparse/-/jsonparse-0.0.5.tgz",
      "integrity": "sha1-MwVCrT8KZUZlt3jz6y2an6UHrGQ=",
      "engines": [
        "node >= 0.2.0"
      ]
    },
    "node_modules/JSONStream": {
      "version": "0.8.4",
      "resolved": "https://registry.npmjs.org/JSONStream/-/JSONStream-0.8.4.tgz",
      "integrity": "sha1-kWV9/m/4V0gwZhMrRhi2Lo9Ih70=",
      "dependencies": {
        "jsonparse": "0.0.5",
        "through": ">=2.2.7 <3"
      },
      "bin": {
        "JSONStream": "index.js"
      },
      "engines": {
        "node": "*"
      }
    },
    "node_modules/scikit-learn": {
      "version": "0.1.0",
      "resolved": "https://registry.npmjs.org/scikit-learn/-/scikit-learn-0.1.0.tgz",
      "integrity": "sha1-ph0T3WRnKxbkH0cUmvMd7Sz1+d0=",
      "dependencies": {
        "JSONStream": "^0.8.0",
        "streaming-json-stringify": "^1.0.0"
      },
      "engines": {
        "node": ">= 0.10.21"
      }
    },
    "node_modules/streaming-json-stringify": {
      "version": "1.0.1",
      "resolved": "https://registry.npmjs.org/streaming-json-stringify/-/streaming-json-stringify-1.0.1.tgz",
      "integrity": "sha1-a3q0PXdmA1FwyaKpbGzBQ3ZKTr0="
    },
    "node_modules/through": {
      "version": "2.3.8",
      "resolved": "https://registry.npmjs.org/through/-/through-2.3.8.tgz",
      "integrity": "sha1-DdTJ/6q8NXlgsbckEV1+Doai4fU="
    }
  },
  "dependencies": {
    "jsonparse": {
      "version": "0.0.5",
      "resolved": "https://registry.npmjs.org/jsonparse/-/jsonparse-0.0.5.tgz",
      "integrity": "sha1-MwVCrT8KZUZlt3jz6y2an6UHrGQ="
    },
    "JSONStream": {
      "version": "0.8.4",
      "resolved": "https://registry.npmjs.org/JSONStream/-/JSONStream-0.8.4.tgz",
      "integrity": "sha1-kWV9/m/4V0gwZhMrRhi2Lo9Ih70=",
      "requires": {
        "jsonparse": "0.0.5",
        "through": ">=2.2.7 <3"
      }
    },
    "scikit-learn": {
      "version": "0.1.0",
      "resolved": "https://registry.npmjs.org/scikit-learn/-/scikit-learn-0.1.0.tgz",
      "integrity": "sha1-ph0T3WRnKxbkH0cUmvMd7Sz1+d0=",
      "requires": {
        "JSONStream": "^0.8.0",
        "streaming-json-stringify": "^1.0.0"
      }
    },
    "streaming-json-stringify": {
      "version": "1.0.1",
      "resolved": "https://registry.npmjs.org/streaming-json-stringify/-/streaming-json-stringify-1.0.1.tgz",
      "integrity": "sha1-a3q0PXdmA1FwyaKpbGzBQ3ZKTr0="
    },
    "through": {
      "version": "2.3.8",
      "resolved": "https://registry.npmjs.org/through/-/through-2.3.8.tgz",
      "integrity": "sha1-DdTJ/6q8NXlgsbckEV1+Doai4fU="
    }
  }
}
